
Microsoft Visual Studio Solution File, Format Version 12.00
# Visual Studio Version 17
VisualStudioVersion = 17.1.32210.238
MinimumVisualStudioVersion = 10.0.40219.1
Project("{FAE04EC0-301F-11D3-BF4B-00C04F79EFBC}") = "Applicaation2", "Applicaation2.csproj", "{C1052E05-5815-4FFD-8552-AF24BB873B02}"
EndProject
Global
	GlobalSection(SolutionConfigurationPlatforms) = preSolution
		Debug|Any CPU = Debug|Any CPU
		Release|Any CPU = Release|Any CPU
	EndGlobalSection
	GlobalSection(ProjectConfigurationPlatforms) = postSolution
		{C1052E05-5815-4FFD-8552-AF24BB873B02}.Debug|Any CPU.ActiveCfg = Debug|Any CPU
		{C1052E05-5815-4FFD-8552-AF24BB873B02}.Debug|Any CPU.Build.0 = Debug|Any CPU
		{C1052E05-5815-4FFD-8552-AF24BB873B02}.Release|Any CPU.ActiveCfg = Release|Any CPU
		{C1052E05-5815-4FFD-8552-AF24BB873B02}.Release|Any CPU.Build.0 = Release|Any CPU
	EndGlobalSection
	GlobalSection(SolutionProperties) = preSolution
		HideSolutionNode = FALSE
	EndGlobalSection
	GlobalSection(ExtensibilityGlobals) = postSolution
		SolutionGuid = {82545ED1-4AF3-4D1C-A334-F5A68F4941DD}
	EndGlobalSection
EndGlobal
