
Microsoft Visual Studio Solution File, Format Version 12.00
# Visual Studio Version 17
VisualStudioVersion = 17.1.32210.238
MinimumVisualStudioVersion = 10.0.40219.1
Project("{FAE04EC0-301F-11D3-BF4B-00C04F79EFBC}") = "testdb1", "testdb1.csproj", "{A297969A-B1FA-4671-B426-4907B37FCD4B}"
EndProject
Global
	GlobalSection(SolutionConfigurationPlatforms) = preSolution
		Debug|Any CPU = Debug|Any CPU
		Release|Any CPU = Release|Any CPU
	EndGlobalSection
	GlobalSection(ProjectConfigurationPlatforms) = postSolution
		{A297969A-B1FA-4671-B426-4907B37FCD4B}.Debug|Any CPU.ActiveCfg = Debug|Any CPU
		{A297969A-B1FA-4671-B426-4907B37FCD4B}.Debug|Any CPU.Build.0 = Debug|Any CPU
		{A297969A-B1FA-4671-B426-4907B37FCD4B}.Release|Any CPU.ActiveCfg = Release|Any CPU
		{A297969A-B1FA-4671-B426-4907B37FCD4B}.Release|Any CPU.Build.0 = Release|Any CPU
	EndGlobalSection
	GlobalSection(SolutionProperties) = preSolution
		HideSolutionNode = FALSE
	EndGlobalSection
	GlobalSection(ExtensibilityGlobals) = postSolution
		SolutionGuid = {D3B5FF06-3386-4DC4-9D6C-732909E288D9}
	EndGlobalSection
EndGlobal
